
Microsoft Visual Studio Solution File, Format Version 12.00
# Visual Studio 2012
Project("{8BC9CEB8-8B4A-11D0-8D11-00A0C91BC942}") = "ESGI_MusicTheory", "ESGI_MusicTheory\ESGI_MusicTheory.vcxproj", "{438A068E-7F42-4E56-8256-4930126B4F12}"
EndProject
Global
	GlobalSection(SolutionConfigurationPlatforms) = preSolution
		Debug|Win32 = Debug|Win32
		Release|Win32 = Release|Win32
	EndGlobalSection
	GlobalSection(ProjectConfigurationPlatforms) = postSolution
		{438A068E-7F42-4E56-8256-4930126B4F12}.Debug|Win32.ActiveCfg = Debug|Win32
		{438A068E-7F42-4E56-8256-4930126B4F12}.Debug|Win32.Build.0 = Debug|Win32
		{438A068E-7F42-4E56-8256-4930126B4F12}.Release|Win32.ActiveCfg = Release|Win32
		{438A068E-7F42-4E56-8256-4930126B4F12}.Release|Win32.Build.0 = Release|Win32
	EndGlobalSection
	GlobalSection(SolutionProperties) = preSolution
		HideSolutionNode = FALSE
	EndGlobalSection
EndGlobal
