<?xml version="1.0" encoding="utf-8"?>
<Project ToolsVersion="4.0" xmlns="http://schemas.microsoft.com/developer/msbuild/2003">
  <ItemGroup>
    <Filter Include="Fichiers sources">
      <UniqueIdentifier>{4FC737F1-C7A5-4376-A066-2A32D752A2FF}</UniqueIdentifier>
      <Extensions>cpp;c;cc;cxx;def;odl;idl;hpj;bat;asm;asmx</Extensions>
    </Filter>
    <Filter Include="Fichiers d%27en-tête">
      <UniqueIdentifier>{93995380-89BD-4b04-88EB-625FBE52EBFB}</UniqueIdentifier>
      <Extensions>h;hpp;hxx;hm;inl;inc;xsd</Extensions>
    </Filter>
    <Filter Include="Fichiers de ressources">
      <UniqueIdentifier>{67DA6AB6-F800-4c08-8B7A-83BB121AAD01}</UniqueIdentifier>
      <Extensions>rc;ico;cur;bmp;dlg;rc2;rct;bin;rgs;gif;jpg;jpeg;jpe;resx;tiff;tif;png;wav;mfcribbon-ms</Extensions>
    </Filter>
    <Filter Include="Fichiers d%27en-tête\FMODEx">
      <UniqueIdentifier>{9069724c-6074-4802-89c5-dd30bb13cd00}</UniqueIdentifier>
    </Filter>
    <Filter Include="DLL">
      <UniqueIdentifier>{42c9f53a-0406-4606-8375-a60d28e8c673}</UniqueIdentifier>
    </Filter>
  </ItemGroup>
  <ItemGroup>
    <None Include="Data\Instruments.csv">
      <Filter>Fichiers de ressources</Filter>
    </None>
    <None Include="Data\Notes.csv">
      <Filter>Fichiers de ressources</Filter>
    </None>
    <None Include="DLL\fmodex64.dll">
      <Filter>DLL</Filter>
    </None>
    <None Include="DLL\fmodex.dll">
      <Filter>DLL</Filter>
    </None>
    <None Include="DLL\fmodexL.dll">
      <Filter>DLL</Filter>
    </None>
    <None Include="DLL\fmodexL64.dll">
      <Filter>DLL</Filter>
    </None>
    <None Include="ClassDiagram.cd" />
    <None Include="Data\Parametres.csv">
      <Filter>Fichiers de ressources</Filter>
    </None>
    <None Include="Data\Scores.csv">
      <Filter>Fichiers de ressources</Filter>
    </None>
  </ItemGroup>
  <ItemGroup>
    <ClInclude Include="Note.h">
      <Filter>Fichiers d%27en-tête</Filter>
    </ClInclude>
    <ClInclude Include="Instrument.h">
      <Filter>Fichiers d%27en-tête</Filter>
    </ClInclude>
    <ClInclude Include="Parametre.h">
      <Filter>Fichiers d%27en-tête</Filter>
    </ClInclude>
    <ClInclude Include="Form_Main.h">
      <Filter>Fichiers d%27en-tête</Filter>
    </ClInclude>
    <ClInclude Include="Score.h">
      <Filter>Fichiers d%27en-tête</Filter>
    </ClInclude>
    <ClInclude Include="Form_RandomTest.h">
      <Filter>Fichiers d%27en-tête</Filter>
    </ClInclude>
    <ClInclude Include="..\..\..\..\..\..\Program Files (x86)\FMOD SoundSystem\FMOD Programmers API Windows\api\inc\fmod.h">
      <Filter>Fichiers d%27en-tête\FMODEx</Filter>
    </ClInclude>
    <ClInclude Include="..\..\..\..\..\..\Program Files (x86)\FMOD SoundSystem\FMOD Programmers API Windows\api\inc\fmod.hpp">
      <Filter>Fichiers d%27en-tête\FMODEx</Filter>
    </ClInclude>
    <ClInclude Include="..\..\..\..\..\..\Program Files (x86)\FMOD SoundSystem\FMOD Programmers API Windows\api\inc\fmod_codec.h">
      <Filter>Fichiers d%27en-tête\FMODEx</Filter>
    </ClInclude>
    <ClInclude Include="..\..\..\..\..\..\Program Files (x86)\FMOD SoundSystem\FMOD Programmers API Windows\api\inc\fmod_dsp.h">
      <Filter>Fichiers d%27en-tête\FMODEx</Filter>
    </ClInclude>
    <ClInclude Include="..\..\..\..\..\..\Program Files (x86)\FMOD SoundSystem\FMOD Programmers API Windows\api\inc\fmod_errors.h">
      <Filter>Fichiers d%27en-tête\FMODEx</Filter>
    </ClInclude>
    <ClInclude Include="..\..\..\..\..\..\Program Files (x86)\FMOD SoundSystem\FMOD Programmers API Windows\api\inc\fmod_memoryinfo.h">
      <Filter>Fichiers d%27en-tête\FMODEx</Filter>
    </ClInclude>
    <ClInclude Include="..\..\..\..\..\..\Program Files (x86)\FMOD SoundSystem\FMOD Programmers API Windows\api\inc\fmod_output.h">
      <Filter>Fichiers d%27en-tête\FMODEx</Filter>
    </ClInclude>
  </ItemGroup>
  <ItemGroup>
    <ClCompile Include="Main.cpp">
      <Filter>Fichiers sources</Filter>
    </ClCompile>
    <ClCompile Include="Form_Main.cpp">
      <Filter>Fichiers sources</Filter>
    </ClCompile>
    <ClCompile Include="Instrument.cpp">
      <Filter>Fichiers sources</Filter>
    </ClCompile>
    <ClCompile Include="Note.cpp">
      <Filter>Fichiers sources</Filter>
    </ClCompile>
    <ClCompile Include="Parametre.cpp">
      <Filter>Fichiers sources</Filter>
    </ClCompile>
    <ClCompile Include="Score.cpp">
      <Filter>Fichiers sources</Filter>
    </ClCompile>
    <ClCompile Include="Form_RandomTest.cpp">
      <Filter>Fichiers sources</Filter>
    </ClCompile>
  </ItemGroup>
  <ItemGroup>
    <EmbeddedResource Include="Form_Main.resx">
      <Filter>Fichiers de ressources</Filter>
    </EmbeddedResource>
    <EmbeddedResource Include="Form_RandomTest.resx">
      <Filter>Fichiers de ressources</Filter>
    </EmbeddedResource>
    <EmbeddedResource Include="Form_Parametres.resx">
      <Filter>Fichiers de ressources</Filter>
    </EmbeddedResource>
  </ItemGroup>
</Project>